# THIS IS AN AUTOGENERATED FILE. DO NOT EDIT THIS FILE DIRECTLY.
# yarn lockfile v1


"@popperjs/core@^2.6.0":
  version "2.6.0"
  resolved "https://registry.yarnpkg.com/@popperjs/core/-/core-2.6.0.tgz#f022195afdfc942e088ee2101285a1d31c7d727f"
  integrity sha512-cPqjjzuFWNK3BSKLm0abspP0sp/IGOli4p5I5fKFAzdS8fvjdOwDCfZqAaIiXd9lPkOWi3SUUfZof3hEb7J/uw==

lodash.isobject@^3.0.2:
  version "3.0.2"
  resolved "https://registry.yarnpkg.com/lodash.isobject/-/lodash.isobject-3.0.2.tgz#3c8fb8d5b5bf4bf90ae06e14f2a530a4ed935e1d"
  integrity sha1-PI+41bW/S/kK4G4U8qUwpO2TXh0=

lodash.tonumber@^4.0.3:
  version "4.0.3"
  resolved "https://registry.yarnpkg.com/lodash.tonumber/-/lodash.tonumber-4.0.3.tgz#0b96b31b35672793eb7f5a63ee791f1b9e9025d9"
  integrity sha1-C5azGzVnJ5Prf1pj7nkfG56QJdk=

svelte@^3.0.0:
  version "3.32.1"
  resolved "https://registry.yarnpkg.com/svelte/-/svelte-3.32.1.tgz#c4b6e35517d0ed77e652cc8964ef660afa2f70f3"
  integrity sha512-j1KmD2ZOU0RGq1/STDXjwfh0/eJ/Deh2NXyuz1bpR9eOcz9yImn4CGxXdbSAN7cMTm9a7IyPUIbuBCzu/pXK0g==

sveltestrap@^3.13.0:
  version "3.13.0"
  resolved "https://registry.yarnpkg.com/sveltestrap/-/sveltestrap-3.13.0.tgz#8686430190939ca880043ac434a047676673ca47"
  integrity sha512-SRktDio6C/PoLK6Yc/2kSCT18CPI/6bedM17vyaRzoRJf5hdWCm6LOGM5q9aP4TK6soOTYDYkS5PMhCXxGah+Q==
  dependencies:
    "@popperjs/core" "^2.6.0"
    lodash.isobject "^3.0.2"
    lodash.tonumber "^4.0.3"
